
Microsoft Visual Studio Solution File, Format Version 12.00
# Visual Studio Version 17
VisualStudioVersion = 17.0.31903.59
MinimumVisualStudioVersion = 10.0.40219.1
Project("{FAE04EC0-301F-11D3-BF4B-00C04F79EFBC}") = "ScheduleManagementSystem.API", "ScheduleManagementSystem.API\ScheduleManagementSystem.API.csproj", "{DC389CC5-BEBB-4DF7-AFDC-C9E8AF3E2B11}"
EndProject
Project("{FAE04EC0-301F-11D3-BF4B-00C04F79EFBC}") = "ScheduleManagementSystem.Client", "ScheduleManagementSystem.Client\ScheduleManagementSystem.Client.csproj", "{918F0DD2-AC9C-4C78-AD0C-80B5FB8757C6}"
EndProject
Project("{FAE04EC0-301F-11D3-BF4B-00C04F79EFBC}") = "ScheduleManagementSystem.Shared", "ScheduleManagementSystem.Shared\ScheduleManagementSystem.Shared.csproj", "{DCC013CB-F9C4-477A-8CF0-B93CA08DC8BF}"
EndProject
Project("{E53339B2-1760-4266-BCC7-CA923CBCF16C}") = "docker-compose", "docker-compose.dcproj", "{B724A5A5-7F8C-493A-B763-B74FBFA72CD9}"
EndProject
Global
	GlobalSection(SolutionConfigurationPlatforms) = preSolution
		Debug|Any CPU = Debug|Any CPU
		Release|Any CPU = Release|Any CPU
	EndGlobalSection
	GlobalSection(ProjectConfigurationPlatforms) = postSolution
		{DC389CC5-BEBB-4DF7-AFDC-C9E8AF3E2B11}.Debug|Any CPU.ActiveCfg = Debug|Any CPU
		{DC389CC5-BEBB-4DF7-AFDC-C9E8AF3E2B11}.Debug|Any CPU.Build.0 = Debug|Any CPU
		{DC389CC5-BEBB-4DF7-AFDC-C9E8AF3E2B11}.Release|Any CPU.ActiveCfg = Release|Any CPU
		{DC389CC5-BEBB-4DF7-AFDC-C9E8AF3E2B11}.Release|Any CPU.Build.0 = Release|Any CPU
		{918F0DD2-AC9C-4C78-AD0C-80B5FB8757C6}.Debug|Any CPU.ActiveCfg = Debug|Any CPU
		{918F0DD2-AC9C-4C78-AD0C-80B5FB8757C6}.Debug|Any CPU.Build.0 = Debug|Any CPU
		{918F0DD2-AC9C-4C78-AD0C-80B5FB8757C6}.Release|Any CPU.ActiveCfg = Release|Any CPU
		{918F0DD2-AC9C-4C78-AD0C-80B5FB8757C6}.Release|Any CPU.Build.0 = Release|Any CPU
		{DCC013CB-F9C4-477A-8CF0-B93CA08DC8BF}.Debug|Any CPU.ActiveCfg = Debug|Any CPU
		{DCC013CB-F9C4-477A-8CF0-B93CA08DC8BF}.Debug|Any CPU.Build.0 = Debug|Any CPU
		{DCC013CB-F9C4-477A-8CF0-B93CA08DC8BF}.Release|Any CPU.ActiveCfg = Release|Any CPU
		{DCC013CB-F9C4-477A-8CF0-B93CA08DC8BF}.Release|Any CPU.Build.0 = Release|Any CPU
		{B724A5A5-7F8C-493A-B763-B74FBFA72CD9}.Debug|Any CPU.ActiveCfg = Debug|Any CPU
		{B724A5A5-7F8C-493A-B763-B74FBFA72CD9}.Debug|Any CPU.Build.0 = Debug|Any CPU
		{B724A5A5-7F8C-493A-B763-B74FBFA72CD9}.Release|Any CPU.ActiveCfg = Release|Any CPU
		{B724A5A5-7F8C-493A-B763-B74FBFA72CD9}.Release|Any CPU.Build.0 = Release|Any CPU
	EndGlobalSection
	GlobalSection(SolutionProperties) = preSolution
		HideSolutionNode = FALSE
	EndGlobalSection
EndGlobal
